
Microsoft Visual Studio Solution File, Format Version 12.00
# Visual Studio Version 17
VisualStudioVersion = 17.7.34221.43
MinimumVisualStudioVersion = 10.0.40219.1
Project("{FAE04EC0-301F-11D3-BF4B-00C04F79EFBC}") = "react-web-profile", "react-web-profile.csproj", "{D53436B0-29B2-4393-9023-9FF07FC7DB5A}"
EndProject
Global
	GlobalSection(SolutionConfigurationPlatforms) = preSolution
		Debug|Any CPU = Debug|Any CPU
		Release|Any CPU = Release|Any CPU
	EndGlobalSection
	GlobalSection(ProjectConfigurationPlatforms) = postSolution
		{D53436B0-29B2-4393-9023-9FF07FC7DB5A}.Debug|Any CPU.ActiveCfg = Debug|Any CPU
		{D53436B0-29B2-4393-9023-9FF07FC7DB5A}.Debug|Any CPU.Build.0 = Debug|Any CPU
		{D53436B0-29B2-4393-9023-9FF07FC7DB5A}.Release|Any CPU.ActiveCfg = Release|Any CPU
		{D53436B0-29B2-4393-9023-9FF07FC7DB5A}.Release|Any CPU.Build.0 = Release|Any CPU
	EndGlobalSection
	GlobalSection(SolutionProperties) = preSolution
		HideSolutionNode = FALSE
	EndGlobalSection
	GlobalSection(ExtensibilityGlobals) = postSolution
		SolutionGuid = {54B6D7BC-1335-4EA7-B670-21FAB094A06B}
	EndGlobalSection
EndGlobal
